
Microsoft Visual Studio Solution File, Format Version 12.00
# Visual Studio 2012
Project("{FAE04EC0-301F-11D3-BF4B-00C04F79EFBC}") = "Shpping_Order", "Shpping Order\Shpping_Order.csproj", "{456C7F8E-40BB-490C-B3E4-20C164A951C0}"
EndProject
Global
	GlobalSection(SolutionConfigurationPlatforms) = preSolution
		Debug|Any CPU = Debug|Any CPU
		Release|Any CPU = Release|Any CPU
	EndGlobalSection
	GlobalSection(ProjectConfigurationPlatforms) = postSolution
		{456C7F8E-40BB-490C-B3E4-20C164A951C0}.Debug|Any CPU.ActiveCfg = Debug|Any CPU
		{456C7F8E-40BB-490C-B3E4-20C164A951C0}.Debug|Any CPU.Build.0 = Debug|Any CPU
		{456C7F8E-40BB-490C-B3E4-20C164A951C0}.Release|Any CPU.ActiveCfg = Release|Any CPU
		{456C7F8E-40BB-490C-B3E4-20C164A951C0}.Release|Any CPU.Build.0 = Release|Any CPU
	EndGlobalSection
	GlobalSection(SolutionProperties) = preSolution
		HideSolutionNode = FALSE
	EndGlobalSection
EndGlobal
